
Microsoft Visual Studio Solution File, Format Version 12.00
# Visual Studio Version 17
VisualStudioVersion = 17.9.34607.119
MinimumVisualStudioVersion = 10.0.40219.1
Project("{9A19103F-16F7-4668-BE54-9A1E7A4F7556}") = "ImageRecognitionTestTask", "ImageRecognitionTestTask\ImageRecognitionTestTask.csproj", "{A628FE2B-0CA4-4070-9B27-55A458A040FB}"
EndProject
Project("{FAE04EC0-301F-11D3-BF4B-00C04F79EFBC}") = "ImageRecognitionUnitTests", "ImageRecognitionUnitTests\ImageRecognitionUnitTests.csproj", "{D1C3CA59-1423-4094-BC1F-E8AF35A196C9}"
EndProject
Global
	GlobalSection(SolutionConfigurationPlatforms) = preSolution
		Debug|Any CPU = Debug|Any CPU
		Release|Any CPU = Release|Any CPU
	EndGlobalSection
	GlobalSection(ProjectConfigurationPlatforms) = postSolution
		{A628FE2B-0CA4-4070-9B27-55A458A040FB}.Debug|Any CPU.ActiveCfg = Debug|Any CPU
		{A628FE2B-0CA4-4070-9B27-55A458A040FB}.Debug|Any CPU.Build.0 = Debug|Any CPU
		{A628FE2B-0CA4-4070-9B27-55A458A040FB}.Release|Any CPU.ActiveCfg = Release|Any CPU
		{A628FE2B-0CA4-4070-9B27-55A458A040FB}.Release|Any CPU.Build.0 = Release|Any CPU
		{D1C3CA59-1423-4094-BC1F-E8AF35A196C9}.Debug|Any CPU.ActiveCfg = Debug|Any CPU
		{D1C3CA59-1423-4094-BC1F-E8AF35A196C9}.Debug|Any CPU.Build.0 = Debug|Any CPU
		{D1C3CA59-1423-4094-BC1F-E8AF35A196C9}.Release|Any CPU.ActiveCfg = Release|Any CPU
		{D1C3CA59-1423-4094-BC1F-E8AF35A196C9}.Release|Any CPU.Build.0 = Release|Any CPU
	EndGlobalSection
	GlobalSection(SolutionProperties) = preSolution
		HideSolutionNode = FALSE
	EndGlobalSection
	GlobalSection(ExtensibilityGlobals) = postSolution
		SolutionGuid = {D4FA75E2-632A-446B-99FF-9DFE70B62EDD}
	EndGlobalSection
EndGlobal
